
Microsoft Visual Studio Solution File, Format Version 12.00
# Visual Studio 15
VisualStudioVersion = 15.0.27130.2024
MinimumVisualStudioVersion = 10.0.40219.1
Project("{FAE04EC0-301F-11D3-BF4B-00C04F79EFBC}") = "Parte01", "Parte01\Parte01.csproj", "{37B304CF-61C5-4301-AE16-286585CF8AC7}"
EndProject
Global
	GlobalSection(SolutionConfigurationPlatforms) = preSolution
		Debug|Any CPU = Debug|Any CPU
		Release|Any CPU = Release|Any CPU
	EndGlobalSection
	GlobalSection(ProjectConfigurationPlatforms) = postSolution
		{37B304CF-61C5-4301-AE16-286585CF8AC7}.Debug|Any CPU.ActiveCfg = Debug|Any CPU
		{37B304CF-61C5-4301-AE16-286585CF8AC7}.Debug|Any CPU.Build.0 = Debug|Any CPU
		{37B304CF-61C5-4301-AE16-286585CF8AC7}.Release|Any CPU.ActiveCfg = Release|Any CPU
		{37B304CF-61C5-4301-AE16-286585CF8AC7}.Release|Any CPU.Build.0 = Release|Any CPU
	EndGlobalSection
	GlobalSection(SolutionProperties) = preSolution
		HideSolutionNode = FALSE
	EndGlobalSection
	GlobalSection(ExtensibilityGlobals) = postSolution
		SolutionGuid = {94F50119-7584-46BE-A1F0-D6B98CDC4069}
	EndGlobalSection
EndGlobal
